
Microsoft Visual Studio Solution File, Format Version 12.00
# Visual Studio Version 16
VisualStudioVersion = 16.0.33927.289
MinimumVisualStudioVersion = 10.0.40219.1
Project("{FAE04EC0-301F-11D3-BF4B-00C04F79EFBC}") = "Mission1", "Mission1\Mission1.csproj", "{D3C50BDC-63B5-498E-BDC5-6558D38B7253}"
EndProject
Project("{FAE04EC0-301F-11D3-BF4B-00C04F79EFBC}") = "20231012", "20231012\20231012.csproj", "{3064B1F0-AF50-4496-A997-09E324AD08F8}"
EndProject
Project("{FAE04EC0-301F-11D3-BF4B-00C04F79EFBC}") = "Mission2", "Mission2\Mission2.csproj", "{B0CC4339-4C56-4BFE-8DB9-247E440FE126}"
EndProject
Project("{FAE04EC0-301F-11D3-BF4B-00C04F79EFBC}") = "Mission3", "Mission3\Mission3.csproj", "{2EDFE9D0-20D6-4A7D-B5FC-FEBDE21528E3}"
EndProject
Project("{FAE04EC0-301F-11D3-BF4B-00C04F79EFBC}") = "Mission4", "Mission4\Mission4.csproj", "{DC013387-7CE1-48A5-8897-B62216324A5E}"
EndProject
Project("{FAE04EC0-301F-11D3-BF4B-00C04F79EFBC}") = "Mission5", "Mission5\Mission5.csproj", "{30AC87B3-C687-4CB2-B156-DD1C67FC2DF5}"
EndProject
Project("{FAE04EC0-301F-11D3-BF4B-00C04F79EFBC}") = "Mission6", "Mission6\Mission6.csproj", "{B0FFC07B-4812-4016-99E3-84DEFE8DC968}"
EndProject
Project("{FAE04EC0-301F-11D3-BF4B-00C04F79EFBC}") = "Mission7", "Mission7\Mission7.csproj", "{F697B3B6-F843-44BE-A3D3-2F81D8F6BA23}"
EndProject
Project("{FAE04EC0-301F-11D3-BF4B-00C04F79EFBC}") = "Mission 7-2", "Mission 7-2\Mission 7-2.csproj", "{849B2860-197F-4846-AE4E-563C4793602C}"
EndProject
Project("{FAE04EC0-301F-11D3-BF4B-00C04F79EFBC}") = "Misstion8", "Misstion8\Misstion8.csproj", "{5E45A9DB-C2B6-4E91-A3E5-A96CE0FEB941}"
EndProject
Project("{FAE04EC0-301F-11D3-BF4B-00C04F79EFBC}") = "20231013", "20231013\20231013.csproj", "{7FC9CEE3-7695-43D1-9119-B09A83D1C622}"
EndProject
Project("{FAE04EC0-301F-11D3-BF4B-00C04F79EFBC}") = "Mission9", "Mission9\Mission9.csproj", "{0C74B571-2351-4AE4-A3F6-91F2D3DD4FB3}"
EndProject
Project("{FAE04EC0-301F-11D3-BF4B-00C04F79EFBC}") = "Mission10", "Mission10\Mission10.csproj", "{988C8AA8-6924-495C-B640-F506E0FCECFF}"
EndProject
Project("{FAE04EC0-301F-11D3-BF4B-00C04F79EFBC}") = "Mission11", "Mission11\Mission11.csproj", "{315C8AAE-5934-475A-BCEF-F8C58435487C}"
EndProject
Project("{FAE04EC0-301F-11D3-BF4B-00C04F79EFBC}") = "Mission12", "Mission12\Mission12.csproj", "{F3C38780-9C56-4B42-AA3D-CFEBF3B7F72B}"
EndProject
Project("{FAE04EC0-301F-11D3-BF4B-00C04F79EFBC}") = "Mission13", "Mission13\Mission13.csproj", "{2005B32B-A2E3-4822-B43E-774486043CA0}"
EndProject
Project("{FAE04EC0-301F-11D3-BF4B-00C04F79EFBC}") = "Mission14", "Mission14\Mission14.csproj", "{524E84E1-98C5-4C6C-B3EC-328F6D3D590B}"
EndProject
Project("{FAE04EC0-301F-11D3-BF4B-00C04F79EFBC}") = "Mission15", "Mission15\Mission15.csproj", "{5E8A5B5B-8A95-4BFA-A65B-B56D26CFE7B3}"
EndProject
Project("{FAE04EC0-301F-11D3-BF4B-00C04F79EFBC}") = "20231016", "20231016\20231016.csproj", "{DD778E41-BA58-4C3D-AFBD-27A31FEB625B}"
EndProject
Project("{FAE04EC0-301F-11D3-BF4B-00C04F79EFBC}") = "NCS_Start_202310", "NCS_Start_202310\NCS_Start_202310.csproj", "{2A5AF32D-0AB2-435A-B366-741FB7E7D903}"
EndProject
Project("{FAE04EC0-301F-11D3-BF4B-00C04F79EFBC}") = "Mission16", "Mission16\Mission16.csproj", "{209E7738-7519-43EC-A740-C58DAC265455}"
EndProject
Project("{FAE04EC0-301F-11D3-BF4B-00C04F79EFBC}") = "Mission17", "Mission17\Mission17.csproj", "{3BCAF98E-7C39-4BF7-BFDC-EE4B7F5B351A}"
EndProject
Project("{FAE04EC0-301F-11D3-BF4B-00C04F79EFBC}") = "Day3", "Day3\Day3.csproj", "{51AD80A7-810E-4039-BA4F-A4AA19083B76}"
EndProject
Project("{FAE04EC0-301F-11D3-BF4B-00C04F79EFBC}") = "Day1", "Day1\Day1.csproj", "{6305116D-111E-4F49-9869-7F73272A7F84}"
EndProject
Project("{FAE04EC0-301F-11D3-BF4B-00C04F79EFBC}") = "Day2", "Day2\Day2.csproj", "{980264FA-677B-45F9-B706-AD2103470DFE}"
EndProject
Project("{FAE04EC0-301F-11D3-BF4B-00C04F79EFBC}") = "Day4", "Day4\Day4.csproj", "{90E80D73-9A63-4BE7-BD6D-31E8218262E1}"
EndProject
Project("{FAE04EC0-301F-11D3-BF4B-00C04F79EFBC}") = "20230925", "20230925\20230925.csproj", "{8521200B-77CC-4121-9C7F-81330A7BE05E}"
EndProject
Project("{FAE04EC0-301F-11D3-BF4B-00C04F79EFBC}") = "20230926", "20230926\20230926.csproj", "{E34EC37C-4027-428F-B2D4-F54B03E246B7}"
EndProject
Project("{FAE04EC0-301F-11D3-BF4B-00C04F79EFBC}") = "20230927", "20230927\20230927.csproj", "{86D1DA8E-F921-4980-A121-EC7FF4B6DD7F}"
EndProject
Project("{FAE04EC0-301F-11D3-BF4B-00C04F79EFBC}") = "20231004", "20231004\20231004.csproj", "{FDD852F0-52B4-4001-B3FF-F7FD66C8FCBB}"
EndProject
Project("{FAE04EC0-301F-11D3-BF4B-00C04F79EFBC}") = "20231005", "20231005\20231005.csproj", "{0D4C917B-A840-4781-9859-0D97E2FF5F03}"
EndProject
Project("{FAE04EC0-301F-11D3-BF4B-00C04F79EFBC}") = "20231006", "20231006\20231006.csproj", "{4B58EA3F-A39D-44CE-BC73-E325EC629C2C}"
EndProject
Project("{FAE04EC0-301F-11D3-BF4B-00C04F79EFBC}") = "AccessModifier", "AccessModifier\AccessModifier.csproj", "{13510CD3-E961-4CC0-B6C5-168E9B90C521}"
EndProject
Project("{FAE04EC0-301F-11D3-BF4B-00C04F79EFBC}") = "BasicClass", "BasicClass\BasicClass.csproj", "{F197804D-E728-4507-8EE9-8999942226F6}"
EndProject
Project("{FAE04EC0-301F-11D3-BF4B-00C04F79EFBC}") = "Break", "Break\Break.csproj", "{B65E0B9D-9BF2-42DB-9174-8542ADAF75C8}"
EndProject
Project("{FAE04EC0-301F-11D3-BF4B-00C04F79EFBC}") = "Calculator", "Calculator\Calculator.csproj", "{247CFFE2-FD3A-496E-AC17-9C4130D01D5E}"
EndProject
Project("{FAE04EC0-301F-11D3-BF4B-00C04F79EFBC}") = "Constructor", "Constructor\Constructor.csproj", "{36EFB9A7-F575-4951-ADBA-71B6AAA20FDF}"
EndProject
Project("{FAE04EC0-301F-11D3-BF4B-00C04F79EFBC}") = "Continue", "Continue\Continue.csproj", "{E51AAA25-64E6-4884-A033-A3D68DF9F9DF}"
EndProject
Project("{FAE04EC0-301F-11D3-BF4B-00C04F79EFBC}") = "DeepCopy", "DeepCopy\DeepCopy.csproj", "{37929F8C-E3D7-4311-ACDD-DE7BAA2C0B55}"
EndProject
Project("{FAE04EC0-301F-11D3-BF4B-00C04F79EFBC}") = "DoWhile", "DoWhile\DoWhile.csproj", "{29D547F8-A6C5-4236-8933-660F9ABB4E93}"
EndProject
Project("{FAE04EC0-301F-11D3-BF4B-00C04F79EFBC}") = "Dowhile_01", "Dowhile_01\Dowhile_01.csproj", "{E2C672FB-F4FA-490F-B8D6-0F829EEE4554}"
EndProject
Project("{FAE04EC0-301F-11D3-BF4B-00C04F79EFBC}") = "Fibonacci01", "Fibonacci01\Fibonacci01.csproj", "{D98C358D-430E-4EFB-B7DB-76202D9485CC}"
EndProject
Project("{FAE04EC0-301F-11D3-BF4B-00C04F79EFBC}") = "ForEach", "ForEach\ForEach.csproj", "{A725C709-B635-4657-AB34-3376806F32A8}"
EndProject
Project("{FAE04EC0-301F-11D3-BF4B-00C04F79EFBC}") = "ForEach2", "ForEach2\ForEach2.csproj", "{F71A3BFA-7BDD-467C-A763-8C45C88E8F6D}"
EndProject
Project("{FAE04EC0-301F-11D3-BF4B-00C04F79EFBC}") = "ForEach3", "ForEach3\ForEach3.csproj", "{90C99DD8-1E20-46DF-8923-CC0398FA2DFA}"
EndProject
Project("{FAE04EC0-301F-11D3-BF4B-00C04F79EFBC}") = "ForEach4", "ForEach4\ForEach4.csproj", "{CEBBB159-0A9C-4A0C-AE27-2E61E7BBCF34}"
EndProject
Project("{FAE04EC0-301F-11D3-BF4B-00C04F79EFBC}") = "Goto", "Goto\Goto.csproj", "{93DD53B5-4EC2-48B6-BFF3-2A368E36D0AA}"
EndProject
Project("{FAE04EC0-301F-11D3-BF4B-00C04F79EFBC}") = "Goto2", "Goto2\Goto2.csproj", "{713E58AB-2A1D-4FB3-9213-A47E64FE1FBF}"
EndProject
Project("{FAE04EC0-301F-11D3-BF4B-00C04F79EFBC}") = "inheritance", "inheritance\inheritance.csproj", "{99D3A250-99E3-4B4C-83B1-0963B4A51107}"
EndProject
Project("{FAE04EC0-301F-11D3-BF4B-00C04F79EFBC}") = "LottoGame", "LottoGame\LottoGame.csproj", "{278E5668-C999-41CF-AB0F-AAEE796B2966}"
EndProject
Project("{FAE04EC0-301F-11D3-BF4B-00C04F79EFBC}") = "MethodHiding", "MethodHiding\MethodHiding.csproj", "{FD8348F5-9A88-432D-8B9D-29D70B8226CB}"
EndProject
Project("{FAE04EC0-301F-11D3-BF4B-00C04F79EFBC}") = "MyLotto", "MyLotto\MyLotto.csproj", "{93425A7E-546D-4505-A0F1-A59C1C8CC155}"
EndProject
Project("{FAE04EC0-301F-11D3-BF4B-00C04F79EFBC}") = "MyNoShopProgram", "MyNoShopProgram\MyNoShopProgram.csproj", "{A9A0077F-9767-48FF-83B6-45D9C90213E6}"
EndProject
Project("{FAE04EC0-301F-11D3-BF4B-00C04F79EFBC}") = "MyShopProgram", "MyShopProgram\MyShopProgram.csproj", "{35D8DE22-2D76-49E9-BC4D-1BD03D9CA591}"
EndProject
Project("{FAE04EC0-301F-11D3-BF4B-00C04F79EFBC}") = "NotMyLotto", "NotMyLotto\NotMyLotto.csproj", "{A6557AF1-4259-4CD0-BC38-E4E67DBA0CA1}"
EndProject
Project("{FAE04EC0-301F-11D3-BF4B-00C04F79EFBC}") = "Out01", "Out01\Out01.csproj", "{FF4C1B03-C11B-4ADF-9371-CB187A9E1C1C}"
EndProject
Project("{FAE04EC0-301F-11D3-BF4B-00C04F79EFBC}") = "Overloading", "Overloading\Overloading.csproj", "{E4751F0A-39D3-46A1-BC2F-76408D2B0539}"
EndProject
Project("{FAE04EC0-301F-11D3-BF4B-00C04F79EFBC}") = "Overriding", "Overriding\Overriding.csproj", "{66570A4A-8055-4E58-835F-B4A7156AB653}"
EndProject
Project("{FAE04EC0-301F-11D3-BF4B-00C04F79EFBC}") = "ref01", "ref01\ref01.csproj", "{2297B795-3F36-4EA2-A6D1-A8B73A5DC3F2}"
EndProject
Project("{FAE04EC0-301F-11D3-BF4B-00C04F79EFBC}") = "ref02", "ref02\ref02.csproj", "{2259D745-4622-48F9-8CF7-68247D7936BF}"
EndProject
Project("{FAE04EC0-301F-11D3-BF4B-00C04F79EFBC}") = "RefReturn", "RefReturn\RefReturn.csproj", "{0A49D999-70DD-4CBE-BA99-EAA31697FE3F}"
EndProject
Project("{FAE04EC0-301F-11D3-BF4B-00C04F79EFBC}") = "Return", "Return\Return.csproj", "{68894122-FA02-4A3B-90DC-9ED4F11FBD94}"
EndProject
Project("{FAE04EC0-301F-11D3-BF4B-00C04F79EFBC}") = "StaticField", "StaticField\StaticField.csproj", "{7213C37E-C413-4032-8D5F-96788CEC021C}"
EndProject
Project("{FAE04EC0-301F-11D3-BF4B-00C04F79EFBC}") = "Study", "Study\Study.csproj", "{3DE08BF8-C9B3-4B80-85B4-6CB7562105E1}"
EndProject
Project("{FAE04EC0-301F-11D3-BF4B-00C04F79EFBC}") = "SwitchExp", "SwitchExp\SwitchExp.csproj", "{05057DD2-712C-483D-98E8-BCA648D4CF44}"
EndProject
Project("{FAE04EC0-301F-11D3-BF4B-00C04F79EFBC}") = "TextGame1", "TextGame1\TextGame1.csproj", "{69CC1DBE-ADB5-4A3B-BD80-3D8AB5016534}"
EndProject
Project("{FAE04EC0-301F-11D3-BF4B-00C04F79EFBC}") = "This", "This\This.csproj", "{413FABEF-3448-4C2D-8C52-E3A856B0D880}"
EndProject
Project("{FAE04EC0-301F-11D3-BF4B-00C04F79EFBC}") = "ThisConstructor", "ThisConstructor\ThisConstructor.csproj", "{E3BFFCD9-A228-43EE-9FB8-915056B3488B}"
EndProject
Project("{FAE04EC0-301F-11D3-BF4B-00C04F79EFBC}") = "TypeCasting", "TypeCasting\TypeCasting.csproj", "{8278D38B-C905-47E2-8085-014170A1A967}"
EndProject
Project("{FAE04EC0-301F-11D3-BF4B-00C04F79EFBC}") = "UsingOut", "UsingOut\UsingOut.csproj", "{7AC9939F-3635-4D73-8912-DBA9189AD861}"
EndProject
Project("{FAE04EC0-301F-11D3-BF4B-00C04F79EFBC}") = "UsingParmas", "UsingParmas\UsingParmas.csproj", "{33E62F91-D5B4-473E-92DD-ED6D2E8820EC}"
EndProject
Project("{FAE04EC0-301F-11D3-BF4B-00C04F79EFBC}") = "ConTestSibal", "ConTestSibal\ConTestSibal.csproj", "{29696641-0EA6-4BC3-8D41-48FE02DB3CE3}"
EndProject
Project("{FAE04EC0-301F-11D3-BF4B-00C04F79EFBC}") = "20231017", "20231017\20231017.csproj", "{1D6681BA-29F6-4DA7-AB20-D2C52E662BC2}"
EndProject
Project("{FAE04EC0-301F-11D3-BF4B-00C04F79EFBC}") = "Mission18", "Mission18\Mission18.csproj", "{E2785C7C-9D2F-4060-81C2-365BFC1D0CD5}"
EndProject
Project("{FAE04EC0-301F-11D3-BF4B-00C04F79EFBC}") = "20231017_2", "20231017_2\20231017_2.csproj", "{7FA2FE62-D626-4A44-B640-358705D39C88}"
EndProject
Project("{FAE04EC0-301F-11D3-BF4B-00C04F79EFBC}") = "20231017_3", "20231017_3\20231017_3.csproj", "{F3136BCB-D3F0-4584-BE60-42D7031617B5}"
EndProject
Project("{FAE04EC0-301F-11D3-BF4B-00C04F79EFBC}") = "20231017_4", "20231017_4\20231017_4.csproj", "{E5E4B6EB-C8BC-426E-8912-5B9EF9E4026D}"
EndProject
Project("{FAE04EC0-301F-11D3-BF4B-00C04F79EFBC}") = "20231017_5", "20231017_5\20231017_5.csproj", "{EF3DEDBF-0F9C-4C5F-B51D-F69C4FBEADE3}"
EndProject
Project("{FAE04EC0-301F-11D3-BF4B-00C04F79EFBC}") = "Mission19", "Mission19\Mission19.csproj", "{332ED869-9342-48A6-A1B1-85F4A06CFA1B}"
EndProject
Project("{FAE04EC0-301F-11D3-BF4B-00C04F79EFBC}") = "Mission19_s", "Mission19_s\Mission19_s.csproj", "{08085052-FEE8-43C0-AB88-3139C857C058}"
EndProject
Project("{FAE04EC0-301F-11D3-BF4B-00C04F79EFBC}") = "Day5", "Day5\Day5.csproj", "{C303848E-69AA-4730-A59B-5E5D9E718678}"
EndProject
Project("{FAE04EC0-301F-11D3-BF4B-00C04F79EFBC}") = "20231018", "20231018\20231018.csproj", "{86520F0F-4B64-4014-B86C-223784E28E68}"
EndProject
Project("{FAE04EC0-301F-11D3-BF4B-00C04F79EFBC}") = "20231018_2", "20231018_2\20231018_2.csproj", "{45B321F6-075C-4EA9-999F-2B6CD74F782E}"
EndProject
Project("{FAE04EC0-301F-11D3-BF4B-00C04F79EFBC}") = "20231018_3", "20231018_3\20231018_3.csproj", "{F3975293-29F4-453D-A7B1-7BE32B9B9E45}"
EndProject
Project("{FAE04EC0-301F-11D3-BF4B-00C04F79EFBC}") = "20231018_4", "20231018_4\20231018_4.csproj", "{541D27A8-1036-48AD-B894-8778472AEBD0}"
EndProject
Global
	GlobalSection(SolutionConfigurationPlatforms) = preSolution
		Debug|Any CPU = Debug|Any CPU
		Release|Any CPU = Release|Any CPU
	EndGlobalSection
	GlobalSection(ProjectConfigurationPlatforms) = postSolution
		{D3C50BDC-63B5-498E-BDC5-6558D38B7253}.Debug|Any CPU.ActiveCfg = Debug|Any CPU
		{D3C50BDC-63B5-498E-BDC5-6558D38B7253}.Debug|Any CPU.Build.0 = Debug|Any CPU
		{D3C50BDC-63B5-498E-BDC5-6558D38B7253}.Release|Any CPU.ActiveCfg = Release|Any CPU
		{D3C50BDC-63B5-498E-BDC5-6558D38B7253}.Release|Any CPU.Build.0 = Release|Any CPU
		{3064B1F0-AF50-4496-A997-09E324AD08F8}.Debug|Any CPU.ActiveCfg = Debug|Any CPU
		{3064B1F0-AF50-4496-A997-09E324AD08F8}.Debug|Any CPU.Build.0 = Debug|Any CPU
		{3064B1F0-AF50-4496-A997-09E324AD08F8}.Release|Any CPU.ActiveCfg = Release|Any CPU
		{3064B1F0-AF50-4496-A997-09E324AD08F8}.Release|Any CPU.Build.0 = Release|Any CPU
		{B0CC4339-4C56-4BFE-8DB9-247E440FE126}.Debug|Any CPU.ActiveCfg = Debug|Any CPU
		{B0CC4339-4C56-4BFE-8DB9-247E440FE126}.Debug|Any CPU.Build.0 = Debug|Any CPU
		{B0CC4339-4C56-4BFE-8DB9-247E440FE126}.Release|Any CPU.ActiveCfg = Release|Any CPU
		{B0CC4339-4C56-4BFE-8DB9-247E440FE126}.Release|Any CPU.Build.0 = Release|Any CPU
		{2EDFE9D0-20D6-4A7D-B5FC-FEBDE21528E3}.Debug|Any CPU.ActiveCfg = Debug|Any CPU
		{2EDFE9D0-20D6-4A7D-B5FC-FEBDE21528E3}.Debug|Any CPU.Build.0 = Debug|Any CPU
		{2EDFE9D0-20D6-4A7D-B5FC-FEBDE21528E3}.Release|Any CPU.ActiveCfg = Release|Any CPU
		{2EDFE9D0-20D6-4A7D-B5FC-FEBDE21528E3}.Release|Any CPU.Build.0 = Release|Any CPU
		{DC013387-7CE1-48A5-8897-B62216324A5E}.Debug|Any CPU.ActiveCfg = Debug|Any CPU
		{DC013387-7CE1-48A5-8897-B62216324A5E}.Debug|Any CPU.Build.0 = Debug|Any CPU
		{DC013387-7CE1-48A5-8897-B62216324A5E}.Release|Any CPU.ActiveCfg = Release|Any CPU
		{DC013387-7CE1-48A5-8897-B62216324A5E}.Release|Any CPU.Build.0 = Release|Any CPU
		{30AC87B3-C687-4CB2-B156-DD1C67FC2DF5}.Debug|Any CPU.ActiveCfg = Debug|Any CPU
		{30AC87B3-C687-4CB2-B156-DD1C67FC2DF5}.Debug|Any CPU.Build.0 = Debug|Any CPU
		{30AC87B3-C687-4CB2-B156-DD1C67FC2DF5}.Release|Any CPU.ActiveCfg = Release|Any CPU
		{30AC87B3-C687-4CB2-B156-DD1C67FC2DF5}.Release|Any CPU.Build.0 = Release|Any CPU
		{B0FFC07B-4812-4016-99E3-84DEFE8DC968}.Debug|Any CPU.ActiveCfg = Debug|Any CPU
		{B0FFC07B-4812-4016-99E3-84DEFE8DC968}.Debug|Any CPU.Build.0 = Debug|Any CPU
		{B0FFC07B-4812-4016-99E3-84DEFE8DC968}.Release|Any CPU.ActiveCfg = Release|Any CPU
		{B0FFC07B-4812-4016-99E3-84DEFE8DC968}.Release|Any CPU.Build.0 = Release|Any CPU
		{F697B3B6-F843-44BE-A3D3-2F81D8F6BA23}.Debug|Any CPU.ActiveCfg = Debug|Any CPU
		{F697B3B6-F843-44BE-A3D3-2F81D8F6BA23}.Debug|Any CPU.Build.0 = Debug|Any CPU
		{F697B3B6-F843-44BE-A3D3-2F81D8F6BA23}.Release|Any CPU.ActiveCfg = Release|Any CPU
		{F697B3B6-F843-44BE-A3D3-2F81D8F6BA23}.Release|Any CPU.Build.0 = Release|Any CPU
		{849B2860-197F-4846-AE4E-563C4793602C}.Debug|Any CPU.ActiveCfg = Debug|Any CPU
		{849B2860-197F-4846-AE4E-563C4793602C}.Debug|Any CPU.Build.0 = Debug|Any CPU
		{849B2860-197F-4846-AE4E-563C4793602C}.Release|Any CPU.ActiveCfg = Release|Any CPU
		{849B2860-197F-4846-AE4E-563C4793602C}.Release|Any CPU.Build.0 = Release|Any CPU
		{5E45A9DB-C2B6-4E91-A3E5-A96CE0FEB941}.Debug|Any CPU.ActiveCfg = Debug|Any CPU
		{5E45A9DB-C2B6-4E91-A3E5-A96CE0FEB941}.Debug|Any CPU.Build.0 = Debug|Any CPU
		{5E45A9DB-C2B6-4E91-A3E5-A96CE0FEB941}.Release|Any CPU.ActiveCfg = Release|Any CPU
		{5E45A9DB-C2B6-4E91-A3E5-A96CE0FEB941}.Release|Any CPU.Build.0 = Release|Any CPU
		{7FC9CEE3-7695-43D1-9119-B09A83D1C622}.Debug|Any CPU.ActiveCfg = Debug|Any CPU
		{7FC9CEE3-7695-43D1-9119-B09A83D1C622}.Debug|Any CPU.Build.0 = Debug|Any CPU
		{7FC9CEE3-7695-43D1-9119-B09A83D1C622}.Release|Any CPU.ActiveCfg = Release|Any CPU
		{7FC9CEE3-7695-43D1-9119-B09A83D1C622}.Release|Any CPU.Build.0 = Release|Any CPU
		{0C74B571-2351-4AE4-A3F6-91F2D3DD4FB3}.Debug|Any CPU.ActiveCfg = Debug|Any CPU
		{0C74B571-2351-4AE4-A3F6-91F2D3DD4FB3}.Debug|Any CPU.Build.0 = Debug|Any CPU
		{0C74B571-2351-4AE4-A3F6-91F2D3DD4FB3}.Release|Any CPU.ActiveCfg = Release|Any CPU
		{0C74B571-2351-4AE4-A3F6-91F2D3DD4FB3}.Release|Any CPU.Build.0 = Release|Any CPU
		{988C8AA8-6924-495C-B640-F506E0FCECFF}.Debug|Any CPU.ActiveCfg = Debug|Any CPU
		{988C8AA8-6924-495C-B640-F506E0FCECFF}.Debug|Any CPU.Build.0 = Debug|Any CPU
		{988C8AA8-6924-495C-B640-F506E0FCECFF}.Release|Any CPU.ActiveCfg = Release|Any CPU
		{988C8AA8-6924-495C-B640-F506E0FCECFF}.Release|Any CPU.Build.0 = Release|Any CPU
		{315C8AAE-5934-475A-BCEF-F8C58435487C}.Debug|Any CPU.ActiveCfg = Debug|Any CPU
		{315C8AAE-5934-475A-BCEF-F8C58435487C}.Debug|Any CPU.Build.0 = Debug|Any CPU
		{315C8AAE-5934-475A-BCEF-F8C58435487C}.Release|Any CPU.ActiveCfg = Release|Any CPU
		{315C8AAE-5934-475A-BCEF-F8C58435487C}.Release|Any CPU.Build.0 = Release|Any CPU
		{F3C38780-9C56-4B42-AA3D-CFEBF3B7F72B}.Debug|Any CPU.ActiveCfg = Debug|Any CPU
		{F3C38780-9C56-4B42-AA3D-CFEBF3B7F72B}.Debug|Any CPU.Build.0 = Debug|Any CPU
		{F3C38780-9C56-4B42-AA3D-CFEBF3B7F72B}.Release|Any CPU.ActiveCfg = Release|Any CPU
		{F3C38780-9C56-4B42-AA3D-CFEBF3B7F72B}.Release|Any CPU.Build.0 = Release|Any CPU
		{2005B32B-A2E3-4822-B43E-774486043CA0}.Debug|Any CPU.ActiveCfg = Debug|Any CPU
		{2005B32B-A2E3-4822-B43E-774486043CA0}.Debug|Any CPU.Build.0 = Debug|Any CPU
		{2005B32B-A2E3-4822-B43E-774486043CA0}.Release|Any CPU.ActiveCfg = Release|Any CPU
		{2005B32B-A2E3-4822-B43E-774486043CA0}.Release|Any CPU.Build.0 = Release|Any CPU
		{524E84E1-98C5-4C6C-B3EC-328F6D3D590B}.Debug|Any CPU.ActiveCfg = Debug|Any CPU
		{524E84E1-98C5-4C6C-B3EC-328F6D3D590B}.Debug|Any CPU.Build.0 = Debug|Any CPU
		{524E84E1-98C5-4C6C-B3EC-328F6D3D590B}.Release|Any CPU.ActiveCfg = Release|Any CPU
		{524E84E1-98C5-4C6C-B3EC-328F6D3D590B}.Release|Any CPU.Build.0 = Release|Any CPU
		{5E8A5B5B-8A95-4BFA-A65B-B56D26CFE7B3}.Debug|Any CPU.ActiveCfg = Debug|Any CPU
		{5E8A5B5B-8A95-4BFA-A65B-B56D26CFE7B3}.Debug|Any CPU.Build.0 = Debug|Any CPU
		{5E8A5B5B-8A95-4BFA-A65B-B56D26CFE7B3}.Release|Any CPU.ActiveCfg = Release|Any CPU
		{5E8A5B5B-8A95-4BFA-A65B-B56D26CFE7B3}.Release|Any CPU.Build.0 = Release|Any CPU
		{DD778E41-BA58-4C3D-AFBD-27A31FEB625B}.Debug|Any CPU.ActiveCfg = Debug|Any CPU
		{DD778E41-BA58-4C3D-AFBD-27A31FEB625B}.Debug|Any CPU.Build.0 = Debug|Any CPU
		{DD778E41-BA58-4C3D-AFBD-27A31FEB625B}.Release|Any CPU.ActiveCfg = Release|Any CPU
		{DD778E41-BA58-4C3D-AFBD-27A31FEB625B}.Release|Any CPU.Build.0 = Release|Any CPU
		{2A5AF32D-0AB2-435A-B366-741FB7E7D903}.Debug|Any CPU.ActiveCfg = Debug|Any CPU
		{2A5AF32D-0AB2-435A-B366-741FB7E7D903}.Debug|Any CPU.Build.0 = Debug|Any CPU
		{2A5AF32D-0AB2-435A-B366-741FB7E7D903}.Release|Any CPU.ActiveCfg = Release|Any CPU
		{2A5AF32D-0AB2-435A-B366-741FB7E7D903}.Release|Any CPU.Build.0 = Release|Any CPU
		{209E7738-7519-43EC-A740-C58DAC265455}.Debug|Any CPU.ActiveCfg = Debug|Any CPU
		{209E7738-7519-43EC-A740-C58DAC265455}.Debug|Any CPU.Build.0 = Debug|Any CPU
		{209E7738-7519-43EC-A740-C58DAC265455}.Release|Any CPU.ActiveCfg = Release|Any CPU
		{209E7738-7519-43EC-A740-C58DAC265455}.Release|Any CPU.Build.0 = Release|Any CPU
		{3BCAF98E-7C39-4BF7-BFDC-EE4B7F5B351A}.Debug|Any CPU.ActiveCfg = Debug|Any CPU
		{3BCAF98E-7C39-4BF7-BFDC-EE4B7F5B351A}.Debug|Any CPU.Build.0 = Debug|Any CPU
		{3BCAF98E-7C39-4BF7-BFDC-EE4B7F5B351A}.Release|Any CPU.ActiveCfg = Release|Any CPU
		{3BCAF98E-7C39-4BF7-BFDC-EE4B7F5B351A}.Release|Any CPU.Build.0 = Release|Any CPU
		{51AD80A7-810E-4039-BA4F-A4AA19083B76}.Debug|Any CPU.ActiveCfg = Debug|Any CPU
		{51AD80A7-810E-4039-BA4F-A4AA19083B76}.Debug|Any CPU.Build.0 = Debug|Any CPU
		{51AD80A7-810E-4039-BA4F-A4AA19083B76}.Release|Any CPU.ActiveCfg = Release|Any CPU
		{51AD80A7-810E-4039-BA4F-A4AA19083B76}.Release|Any CPU.Build.0 = Release|Any CPU
		{6305116D-111E-4F49-9869-7F73272A7F84}.Debug|Any CPU.ActiveCfg = Debug|Any CPU
		{6305116D-111E-4F49-9869-7F73272A7F84}.Debug|Any CPU.Build.0 = Debug|Any CPU
		{6305116D-111E-4F49-9869-7F73272A7F84}.Release|Any CPU.ActiveCfg = Release|Any CPU
		{6305116D-111E-4F49-9869-7F73272A7F84}.Release|Any CPU.Build.0 = Release|Any CPU
		{980264FA-677B-45F9-B706-AD2103470DFE}.Debug|Any CPU.ActiveCfg = Debug|Any CPU
		{980264FA-677B-45F9-B706-AD2103470DFE}.Debug|Any CPU.Build.0 = Debug|Any CPU
		{980264FA-677B-45F9-B706-AD2103470DFE}.Release|Any CPU.ActiveCfg = Release|Any CPU
		{980264FA-677B-45F9-B706-AD2103470DFE}.Release|Any CPU.Build.0 = Release|Any CPU
		{90E80D73-9A63-4BE7-BD6D-31E8218262E1}.Debug|Any CPU.ActiveCfg = Debug|Any CPU
		{90E80D73-9A63-4BE7-BD6D-31E8218262E1}.Debug|Any CPU.Build.0 = Debug|Any CPU
		{90E80D73-9A63-4BE7-BD6D-31E8218262E1}.Release|Any CPU.ActiveCfg = Release|Any CPU
		{90E80D73-9A63-4BE7-BD6D-31E8218262E1}.Release|Any CPU.Build.0 = Release|Any CPU
		{8521200B-77CC-4121-9C7F-81330A7BE05E}.Debug|Any CPU.ActiveCfg = Debug|Any CPU
		{8521200B-77CC-4121-9C7F-81330A7BE05E}.Debug|Any CPU.Build.0 = Debug|Any CPU
		{8521200B-77CC-4121-9C7F-81330A7BE05E}.Release|Any CPU.ActiveCfg = Release|Any CPU
		{8521200B-77CC-4121-9C7F-81330A7BE05E}.Release|Any CPU.Build.0 = Release|Any CPU
		{E34EC37C-4027-428F-B2D4-F54B03E246B7}.Debug|Any CPU.ActiveCfg = Debug|Any CPU
		{E34EC37C-4027-428F-B2D4-F54B03E246B7}.Debug|Any CPU.Build.0 = Debug|Any CPU
		{E34EC37C-4027-428F-B2D4-F54B03E246B7}.Release|Any CPU.ActiveCfg = Release|Any CPU
		{E34EC37C-4027-428F-B2D4-F54B03E246B7}.Release|Any CPU.Build.0 = Release|Any CPU
		{86D1DA8E-F921-4980-A121-EC7FF4B6DD7F}.Debug|Any CPU.ActiveCfg = Debug|Any CPU
		{86D1DA8E-F921-4980-A121-EC7FF4B6DD7F}.Debug|Any CPU.Build.0 = Debug|Any CPU
		{86D1DA8E-F921-4980-A121-EC7FF4B6DD7F}.Release|Any CPU.ActiveCfg = Release|Any CPU
		{86D1DA8E-F921-4980-A121-EC7FF4B6DD7F}.Release|Any CPU.Build.0 = Release|Any CPU
		{FDD852F0-52B4-4001-B3FF-F7FD66C8FCBB}.Debug|Any CPU.ActiveCfg = Debug|Any CPU
		{FDD852F0-52B4-4001-B3FF-F7FD66C8FCBB}.Debug|Any CPU.Build.0 = Debug|Any CPU
		{FDD852F0-52B4-4001-B3FF-F7FD66C8FCBB}.Release|Any CPU.ActiveCfg = Release|Any CPU
		{FDD852F0-52B4-4001-B3FF-F7FD66C8FCBB}.Release|Any CPU.Build.0 = Release|Any CPU
		{0D4C917B-A840-4781-9859-0D97E2FF5F03}.Debug|Any CPU.ActiveCfg = Debug|Any CPU
		{0D4C917B-A840-4781-9859-0D97E2FF5F03}.Debug|Any CPU.Build.0 = Debug|Any CPU
		{0D4C917B-A840-4781-9859-0D97E2FF5F03}.Release|Any CPU.ActiveCfg = Release|Any CPU
		{0D4C917B-A840-4781-9859-0D97E2FF5F03}.Release|Any CPU.Build.0 = Release|Any CPU
		{4B58EA3F-A39D-44CE-BC73-E325EC629C2C}.Debug|Any CPU.ActiveCfg = Debug|Any CPU
		{4B58EA3F-A39D-44CE-BC73-E325EC629C2C}.Debug|Any CPU.Build.0 = Debug|Any CPU
		{4B58EA3F-A39D-44CE-BC73-E325EC629C2C}.Release|Any CPU.ActiveCfg = Release|Any CPU
		{4B58EA3F-A39D-44CE-BC73-E325EC629C2C}.Release|Any CPU.Build.0 = Release|Any CPU
		{13510CD3-E961-4CC0-B6C5-168E9B90C521}.Debug|Any CPU.ActiveCfg = Debug|Any CPU
		{13510CD3-E961-4CC0-B6C5-168E9B90C521}.Debug|Any CPU.Build.0 = Debug|Any CPU
		{13510CD3-E961-4CC0-B6C5-168E9B90C521}.Release|Any CPU.ActiveCfg = Release|Any CPU
		{13510CD3-E961-4CC0-B6C5-168E9B90C521}.Release|Any CPU.Build.0 = Release|Any CPU
		{F197804D-E728-4507-8EE9-8999942226F6}.Debug|Any CPU.ActiveCfg = Debug|Any CPU
		{F197804D-E728-4507-8EE9-8999942226F6}.Debug|Any CPU.Build.0 = Debug|Any CPU
		{F197804D-E728-4507-8EE9-8999942226F6}.Release|Any CPU.ActiveCfg = Release|Any CPU
		{F197804D-E728-4507-8EE9-8999942226F6}.Release|Any CPU.Build.0 = Release|Any CPU
		{B65E0B9D-9BF2-42DB-9174-8542ADAF75C8}.Debug|Any CPU.ActiveCfg = Debug|Any CPU
		{B65E0B9D-9BF2-42DB-9174-8542ADAF75C8}.Debug|Any CPU.Build.0 = Debug|Any CPU
		{B65E0B9D-9BF2-42DB-9174-8542ADAF75C8}.Release|Any CPU.ActiveCfg = Release|Any CPU
		{B65E0B9D-9BF2-42DB-9174-8542ADAF75C8}.Release|Any CPU.Build.0 = Release|Any CPU
		{247CFFE2-FD3A-496E-AC17-9C4130D01D5E}.Debug|Any CPU.ActiveCfg = Debug|Any CPU
		{247CFFE2-FD3A-496E-AC17-9C4130D01D5E}.Debug|Any CPU.Build.0 = Debug|Any CPU
		{247CFFE2-FD3A-496E-AC17-9C4130D01D5E}.Release|Any CPU.ActiveCfg = Release|Any CPU
		{247CFFE2-FD3A-496E-AC17-9C4130D01D5E}.Release|Any CPU.Build.0 = Release|Any CPU
		{36EFB9A7-F575-4951-ADBA-71B6AAA20FDF}.Debug|Any CPU.ActiveCfg = Debug|Any CPU
		{36EFB9A7-F575-4951-ADBA-71B6AAA20FDF}.Debug|Any CPU.Build.0 = Debug|Any CPU
		{36EFB9A7-F575-4951-ADBA-71B6AAA20FDF}.Release|Any CPU.ActiveCfg = Release|Any CPU
		{36EFB9A7-F575-4951-ADBA-71B6AAA20FDF}.Release|Any CPU.Build.0 = Release|Any CPU
		{E51AAA25-64E6-4884-A033-A3D68DF9F9DF}.Debug|Any CPU.ActiveCfg = Debug|Any CPU
		{E51AAA25-64E6-4884-A033-A3D68DF9F9DF}.Debug|Any CPU.Build.0 = Debug|Any CPU
		{E51AAA25-64E6-4884-A033-A3D68DF9F9DF}.Release|Any CPU.ActiveCfg = Release|Any CPU
		{E51AAA25-64E6-4884-A033-A3D68DF9F9DF}.Release|Any CPU.Build.0 = Release|Any CPU
		{37929F8C-E3D7-4311-ACDD-DE7BAA2C0B55}.Debug|Any CPU.ActiveCfg = Debug|Any CPU
		{37929F8C-E3D7-4311-ACDD-DE7BAA2C0B55}.Debug|Any CPU.Build.0 = Debug|Any CPU
		{37929F8C-E3D7-4311-ACDD-DE7BAA2C0B55}.Release|Any CPU.ActiveCfg = Release|Any CPU
		{37929F8C-E3D7-4311-ACDD-DE7BAA2C0B55}.Release|Any CPU.Build.0 = Release|Any CPU
		{29D547F8-A6C5-4236-8933-660F9ABB4E93}.Debug|Any CPU.ActiveCfg = Debug|Any CPU
		{29D547F8-A6C5-4236-8933-660F9ABB4E93}.Debug|Any CPU.Build.0 = Debug|Any CPU
		{29D547F8-A6C5-4236-8933-660F9ABB4E93}.Release|Any CPU.ActiveCfg = Release|Any CPU
		{29D547F8-A6C5-4236-8933-660F9ABB4E93}.Release|Any CPU.Build.0 = Release|Any CPU
		{E2C672FB-F4FA-490F-B8D6-0F829EEE4554}.Debug|Any CPU.ActiveCfg = Debug|Any CPU
		{E2C672FB-F4FA-490F-B8D6-0F829EEE4554}.Debug|Any CPU.Build.0 = Debug|Any CPU
		{E2C672FB-F4FA-490F-B8D6-0F829EEE4554}.Release|Any CPU.ActiveCfg = Release|Any CPU
		{E2C672FB-F4FA-490F-B8D6-0F829EEE4554}.Release|Any CPU.Build.0 = Release|Any CPU
		{D98C358D-430E-4EFB-B7DB-76202D9485CC}.Debug|Any CPU.ActiveCfg = Debug|Any CPU
		{D98C358D-430E-4EFB-B7DB-76202D9485CC}.Debug|Any CPU.Build.0 = Debug|Any CPU
		{D98C358D-430E-4EFB-B7DB-76202D9485CC}.Release|Any CPU.ActiveCfg = Release|Any CPU
		{D98C358D-430E-4EFB-B7DB-76202D9485CC}.Release|Any CPU.Build.0 = Release|Any CPU
		{A725C709-B635-4657-AB34-3376806F32A8}.Debug|Any CPU.ActiveCfg = Debug|Any CPU
		{A725C709-B635-4657-AB34-3376806F32A8}.Debug|Any CPU.Build.0 = Debug|Any CPU
		{A725C709-B635-4657-AB34-3376806F32A8}.Release|Any CPU.ActiveCfg = Release|Any CPU
		{A725C709-B635-4657-AB34-3376806F32A8}.Release|Any CPU.Build.0 = Release|Any CPU
		{F71A3BFA-7BDD-467C-A763-8C45C88E8F6D}.Debug|Any CPU.ActiveCfg = Debug|Any CPU
		{F71A3BFA-7BDD-467C-A763-8C45C88E8F6D}.Debug|Any CPU.Build.0 = Debug|Any CPU
		{F71A3BFA-7BDD-467C-A763-8C45C88E8F6D}.Release|Any CPU.ActiveCfg = Release|Any CPU
		{F71A3BFA-7BDD-467C-A763-8C45C88E8F6D}.Release|Any CPU.Build.0 = Release|Any CPU
		{90C99DD8-1E20-46DF-8923-CC0398FA2DFA}.Debug|Any CPU.ActiveCfg = Debug|Any CPU
		{90C99DD8-1E20-46DF-8923-CC0398FA2DFA}.Debug|Any CPU.Build.0 = Debug|Any CPU
		{90C99DD8-1E20-46DF-8923-CC0398FA2DFA}.Release|Any CPU.ActiveCfg = Release|Any CPU
		{90C99DD8-1E20-46DF-8923-CC0398FA2DFA}.Release|Any CPU.Build.0 = Release|Any CPU
		{CEBBB159-0A9C-4A0C-AE27-2E61E7BBCF34}.Debug|Any CPU.ActiveCfg = Debug|Any CPU
		{CEBBB159-0A9C-4A0C-AE27-2E61E7BBCF34}.Debug|Any CPU.Build.0 = Debug|Any CPU
		{CEBBB159-0A9C-4A0C-AE27-2E61E7BBCF34}.Release|Any CPU.ActiveCfg = Release|Any CPU
		{CEBBB159-0A9C-4A0C-AE27-2E61E7BBCF34}.Release|Any CPU.Build.0 = Release|Any CPU
		{93DD53B5-4EC2-48B6-BFF3-2A368E36D0AA}.Debug|Any CPU.ActiveCfg = Debug|Any CPU
		{93DD53B5-4EC2-48B6-BFF3-2A368E36D0AA}.Debug|Any CPU.Build.0 = Debug|Any CPU
		{93DD53B5-4EC2-48B6-BFF3-2A368E36D0AA}.Release|Any CPU.ActiveCfg = Release|Any CPU
		{93DD53B5-4EC2-48B6-BFF3-2A368E36D0AA}.Release|Any CPU.Build.0 = Release|Any CPU
		{713E58AB-2A1D-4FB3-9213-A47E64FE1FBF}.Debug|Any CPU.ActiveCfg = Debug|Any CPU
		{713E58AB-2A1D-4FB3-9213-A47E64FE1FBF}.Debug|Any CPU.Build.0 = Debug|Any CPU
		{713E58AB-2A1D-4FB3-9213-A47E64FE1FBF}.Release|Any CPU.ActiveCfg = Release|Any CPU
		{713E58AB-2A1D-4FB3-9213-A47E64FE1FBF}.Release|Any CPU.Build.0 = Release|Any CPU
		{99D3A250-99E3-4B4C-83B1-0963B4A51107}.Debug|Any CPU.ActiveCfg = Debug|Any CPU
		{99D3A250-99E3-4B4C-83B1-0963B4A51107}.Debug|Any CPU.Build.0 = Debug|Any CPU
		{99D3A250-99E3-4B4C-83B1-0963B4A51107}.Release|Any CPU.ActiveCfg = Release|Any CPU
		{99D3A250-99E3-4B4C-83B1-0963B4A51107}.Release|Any CPU.Build.0 = Release|Any CPU
		{278E5668-C999-41CF-AB0F-AAEE796B2966}.Debug|Any CPU.ActiveCfg = Debug|Any CPU
		{278E5668-C999-41CF-AB0F-AAEE796B2966}.Debug|Any CPU.Build.0 = Debug|Any CPU
		{278E5668-C999-41CF-AB0F-AAEE796B2966}.Release|Any CPU.ActiveCfg = Release|Any CPU
		{278E5668-C999-41CF-AB0F-AAEE796B2966}.Release|Any CPU.Build.0 = Release|Any CPU
		{FD8348F5-9A88-432D-8B9D-29D70B8226CB}.Debug|Any CPU.ActiveCfg = Debug|Any CPU
		{FD8348F5-9A88-432D-8B9D-29D70B8226CB}.Debug|Any CPU.Build.0 = Debug|Any CPU
		{FD8348F5-9A88-432D-8B9D-29D70B8226CB}.Release|Any CPU.ActiveCfg = Release|Any CPU
		{FD8348F5-9A88-432D-8B9D-29D70B8226CB}.Release|Any CPU.Build.0 = Release|Any CPU
		{93425A7E-546D-4505-A0F1-A59C1C8CC155}.Debug|Any CPU.ActiveCfg = Debug|Any CPU
		{93425A7E-546D-4505-A0F1-A59C1C8CC155}.Debug|Any CPU.Build.0 = Debug|Any CPU
		{93425A7E-546D-4505-A0F1-A59C1C8CC155}.Release|Any CPU.ActiveCfg = Release|Any CPU
		{93425A7E-546D-4505-A0F1-A59C1C8CC155}.Release|Any CPU.Build.0 = Release|Any CPU
		{A9A0077F-9767-48FF-83B6-45D9C90213E6}.Debug|Any CPU.ActiveCfg = Debug|Any CPU
		{A9A0077F-9767-48FF-83B6-45D9C90213E6}.Debug|Any CPU.Build.0 = Debug|Any CPU
		{A9A0077F-9767-48FF-83B6-45D9C90213E6}.Release|Any CPU.ActiveCfg = Release|Any CPU
		{A9A0077F-9767-48FF-83B6-45D9C90213E6}.Release|Any CPU.Build.0 = Release|Any CPU
		{35D8DE22-2D76-49E9-BC4D-1BD03D9CA591}.Debug|Any CPU.ActiveCfg = Debug|Any CPU
		{35D8DE22-2D76-49E9-BC4D-1BD03D9CA591}.Debug|Any CPU.Build.0 = Debug|Any CPU
		{35D8DE22-2D76-49E9-BC4D-1BD03D9CA591}.Release|Any CPU.ActiveCfg = Release|Any CPU
		{35D8DE22-2D76-49E9-BC4D-1BD03D9CA591}.Release|Any CPU.Build.0 = Release|Any CPU
		{A6557AF1-4259-4CD0-BC38-E4E67DBA0CA1}.Debug|Any CPU.ActiveCfg = Debug|Any CPU
		{A6557AF1-4259-4CD0-BC38-E4E67DBA0CA1}.Debug|Any CPU.Build.0 = Debug|Any CPU
		{A6557AF1-4259-4CD0-BC38-E4E67DBA0CA1}.Release|Any CPU.ActiveCfg = Release|Any CPU
		{A6557AF1-4259-4CD0-BC38-E4E67DBA0CA1}.Release|Any CPU.Build.0 = Release|Any CPU
		{FF4C1B03-C11B-4ADF-9371-CB187A9E1C1C}.Debug|Any CPU.ActiveCfg = Debug|Any CPU
		{FF4C1B03-C11B-4ADF-9371-CB187A9E1C1C}.Debug|Any CPU.Build.0 = Debug|Any CPU
		{FF4C1B03-C11B-4ADF-9371-CB187A9E1C1C}.Release|Any CPU.ActiveCfg = Release|Any CPU
		{FF4C1B03-C11B-4ADF-9371-CB187A9E1C1C}.Release|Any CPU.Build.0 = Release|Any CPU
		{E4751F0A-39D3-46A1-BC2F-76408D2B0539}.Debug|Any CPU.ActiveCfg = Debug|Any CPU
		{E4751F0A-39D3-46A1-BC2F-76408D2B0539}.Debug|Any CPU.Build.0 = Debug|Any CPU
		{E4751F0A-39D3-46A1-BC2F-76408D2B0539}.Release|Any CPU.ActiveCfg = Release|Any CPU
		{E4751F0A-39D3-46A1-BC2F-76408D2B0539}.Release|Any CPU.Build.0 = Release|Any CPU
		{66570A4A-8055-4E58-835F-B4A7156AB653}.Debug|Any CPU.ActiveCfg = Debug|Any CPU
		{66570A4A-8055-4E58-835F-B4A7156AB653}.Debug|Any CPU.Build.0 = Debug|Any CPU
		{66570A4A-8055-4E58-835F-B4A7156AB653}.Release|Any CPU.ActiveCfg = Release|Any CPU
		{66570A4A-8055-4E58-835F-B4A7156AB653}.Release|Any CPU.Build.0 = Release|Any CPU
		{2297B795-3F36-4EA2-A6D1-A8B73A5DC3F2}.Debug|Any CPU.ActiveCfg = Debug|Any CPU
		{2297B795-3F36-4EA2-A6D1-A8B73A5DC3F2}.Debug|Any CPU.Build.0 = Debug|Any CPU
		{2297B795-3F36-4EA2-A6D1-A8B73A5DC3F2}.Release|Any CPU.ActiveCfg = Release|Any CPU
		{2297B795-3F36-4EA2-A6D1-A8B73A5DC3F2}.Release|Any CPU.Build.0 = Release|Any CPU
		{2259D745-4622-48F9-8CF7-68247D7936BF}.Debug|Any CPU.ActiveCfg = Debug|Any CPU
		{2259D745-4622-48F9-8CF7-68247D7936BF}.Debug|Any CPU.Build.0 = Debug|Any CPU
		{2259D745-4622-48F9-8CF7-68247D7936BF}.Release|Any CPU.ActiveCfg = Release|Any CPU
		{2259D745-4622-48F9-8CF7-68247D7936BF}.Release|Any CPU.Build.0 = Release|Any CPU
		{0A49D999-70DD-4CBE-BA99-EAA31697FE3F}.Debug|Any CPU.ActiveCfg = Debug|Any CPU
		{0A49D999-70DD-4CBE-BA99-EAA31697FE3F}.Debug|Any CPU.Build.0 = Debug|Any CPU
		{0A49D999-70DD-4CBE-BA99-EAA31697FE3F}.Release|Any CPU.ActiveCfg = Release|Any CPU
		{0A49D999-70DD-4CBE-BA99-EAA31697FE3F}.Release|Any CPU.Build.0 = Release|Any CPU
		{68894122-FA02-4A3B-90DC-9ED4F11FBD94}.Debug|Any CPU.ActiveCfg = Debug|Any CPU
		{68894122-FA02-4A3B-90DC-9ED4F11FBD94}.Debug|Any CPU.Build.0 = Debug|Any CPU
		{68894122-FA02-4A3B-90DC-9ED4F11FBD94}.Release|Any CPU.ActiveCfg = Release|Any CPU
		{68894122-FA02-4A3B-90DC-9ED4F11FBD94}.Release|Any CPU.Build.0 = Release|Any CPU
		{7213C37E-C413-4032-8D5F-96788CEC021C}.Debug|Any CPU.ActiveCfg = Debug|Any CPU
		{7213C37E-C413-4032-8D5F-96788CEC021C}.Debug|Any CPU.Build.0 = Debug|Any CPU
		{7213C37E-C413-4032-8D5F-96788CEC021C}.Release|Any CPU.ActiveCfg = Release|Any CPU
		{7213C37E-C413-4032-8D5F-96788CEC021C}.Release|Any CPU.Build.0 = Release|Any CPU
		{3DE08BF8-C9B3-4B80-85B4-6CB7562105E1}.Debug|Any CPU.ActiveCfg = Debug|Any CPU
		{3DE08BF8-C9B3-4B80-85B4-6CB7562105E1}.Debug|Any CPU.Build.0 = Debug|Any CPU
		{3DE08BF8-C9B3-4B80-85B4-6CB7562105E1}.Release|Any CPU.ActiveCfg = Release|Any CPU
		{3DE08BF8-C9B3-4B80-85B4-6CB7562105E1}.Release|Any CPU.Build.0 = Release|Any CPU
		{05057DD2-712C-483D-98E8-BCA648D4CF44}.Debug|Any CPU.ActiveCfg = Debug|Any CPU
		{05057DD2-712C-483D-98E8-BCA648D4CF44}.Debug|Any CPU.Build.0 = Debug|Any CPU
		{05057DD2-712C-483D-98E8-BCA648D4CF44}.Release|Any CPU.ActiveCfg = Release|Any CPU
		{05057DD2-712C-483D-98E8-BCA648D4CF44}.Release|Any CPU.Build.0 = Release|Any CPU
		{69CC1DBE-ADB5-4A3B-BD80-3D8AB5016534}.Debug|Any CPU.ActiveCfg = Debug|Any CPU
		{69CC1DBE-ADB5-4A3B-BD80-3D8AB5016534}.Debug|Any CPU.Build.0 = Debug|Any CPU
		{69CC1DBE-ADB5-4A3B-BD80-3D8AB5016534}.Release|Any CPU.ActiveCfg = Release|Any CPU
		{69CC1DBE-ADB5-4A3B-BD80-3D8AB5016534}.Release|Any CPU.Build.0 = Release|Any CPU
		{413FABEF-3448-4C2D-8C52-E3A856B0D880}.Debug|Any CPU.ActiveCfg = Debug|Any CPU
		{413FABEF-3448-4C2D-8C52-E3A856B0D880}.Debug|Any CPU.Build.0 = Debug|Any CPU
		{413FABEF-3448-4C2D-8C52-E3A856B0D880}.Release|Any CPU.ActiveCfg = Release|Any CPU
		{413FABEF-3448-4C2D-8C52-E3A856B0D880}.Release|Any CPU.Build.0 = Release|Any CPU
		{E3BFFCD9-A228-43EE-9FB8-915056B3488B}.Debug|Any CPU.ActiveCfg = Debug|Any CPU
		{E3BFFCD9-A228-43EE-9FB8-915056B3488B}.Debug|Any CPU.Build.0 = Debug|Any CPU
		{E3BFFCD9-A228-43EE-9FB8-915056B3488B}.Release|Any CPU.ActiveCfg = Release|Any CPU
		{E3BFFCD9-A228-43EE-9FB8-915056B3488B}.Release|Any CPU.Build.0 = Release|Any CPU
		{8278D38B-C905-47E2-8085-014170A1A967}.Debug|Any CPU.ActiveCfg = Debug|Any CPU
		{8278D38B-C905-47E2-8085-014170A1A967}.Debug|Any CPU.Build.0 = Debug|Any CPU
		{8278D38B-C905-47E2-8085-014170A1A967}.Release|Any CPU.ActiveCfg = Release|Any CPU
		{8278D38B-C905-47E2-8085-014170A1A967}.Release|Any CPU.Build.0 = Release|Any CPU
		{7AC9939F-3635-4D73-8912-DBA9189AD861}.Debug|Any CPU.ActiveCfg = Debug|Any CPU
		{7AC9939F-3635-4D73-8912-DBA9189AD861}.Debug|Any CPU.Build.0 = Debug|Any CPU
		{7AC9939F-3635-4D73-8912-DBA9189AD861}.Release|Any CPU.ActiveCfg = Release|Any CPU
		{7AC9939F-3635-4D73-8912-DBA9189AD861}.Release|Any CPU.Build.0 = Release|Any CPU
		{33E62F91-D5B4-473E-92DD-ED6D2E8820EC}.Debug|Any CPU.ActiveCfg = Debug|Any CPU
		{33E62F91-D5B4-473E-92DD-ED6D2E8820EC}.Debug|Any CPU.Build.0 = Debug|Any CPU
		{33E62F91-D5B4-473E-92DD-ED6D2E8820EC}.Release|Any CPU.ActiveCfg = Release|Any CPU
		{33E62F91-D5B4-473E-92DD-ED6D2E8820EC}.Release|Any CPU.Build.0 = Release|Any CPU
		{29696641-0EA6-4BC3-8D41-48FE02DB3CE3}.Debug|Any CPU.ActiveCfg = Debug|Any CPU
		{29696641-0EA6-4BC3-8D41-48FE02DB3CE3}.Debug|Any CPU.Build.0 = Debug|Any CPU
		{29696641-0EA6-4BC3-8D41-48FE02DB3CE3}.Release|Any CPU.ActiveCfg = Release|Any CPU
		{29696641-0EA6-4BC3-8D41-48FE02DB3CE3}.Release|Any CPU.Build.0 = Release|Any CPU
		{1D6681BA-29F6-4DA7-AB20-D2C52E662BC2}.Debug|Any CPU.ActiveCfg = Debug|Any CPU
		{1D6681BA-29F6-4DA7-AB20-D2C52E662BC2}.Debug|Any CPU.Build.0 = Debug|Any CPU
		{1D6681BA-29F6-4DA7-AB20-D2C52E662BC2}.Release|Any CPU.ActiveCfg = Release|Any CPU
		{1D6681BA-29F6-4DA7-AB20-D2C52E662BC2}.Release|Any CPU.Build.0 = Release|Any CPU
		{E2785C7C-9D2F-4060-81C2-365BFC1D0CD5}.Debug|Any CPU.ActiveCfg = Debug|Any CPU
		{E2785C7C-9D2F-4060-81C2-365BFC1D0CD5}.Debug|Any CPU.Build.0 = Debug|Any CPU
		{E2785C7C-9D2F-4060-81C2-365BFC1D0CD5}.Release|Any CPU.ActiveCfg = Release|Any CPU
		{E2785C7C-9D2F-4060-81C2-365BFC1D0CD5}.Release|Any CPU.Build.0 = Release|Any CPU
		{7FA2FE62-D626-4A44-B640-358705D39C88}.Debug|Any CPU.ActiveCfg = Debug|Any CPU
		{7FA2FE62-D626-4A44-B640-358705D39C88}.Debug|Any CPU.Build.0 = Debug|Any CPU
		{7FA2FE62-D626-4A44-B640-358705D39C88}.Release|Any CPU.ActiveCfg = Release|Any CPU
		{7FA2FE62-D626-4A44-B640-358705D39C88}.Release|Any CPU.Build.0 = Release|Any CPU
		{F3136BCB-D3F0-4584-BE60-42D7031617B5}.Debug|Any CPU.ActiveCfg = Debug|Any CPU
		{F3136BCB-D3F0-4584-BE60-42D7031617B5}.Debug|Any CPU.Build.0 = Debug|Any CPU
		{F3136BCB-D3F0-4584-BE60-42D7031617B5}.Release|Any CPU.ActiveCfg = Release|Any CPU
		{F3136BCB-D3F0-4584-BE60-42D7031617B5}.Release|Any CPU.Build.0 = Release|Any CPU
		{E5E4B6EB-C8BC-426E-8912-5B9EF9E4026D}.Debug|Any CPU.ActiveCfg = Debug|Any CPU
		{E5E4B6EB-C8BC-426E-8912-5B9EF9E4026D}.Debug|Any CPU.Build.0 = Debug|Any CPU
		{E5E4B6EB-C8BC-426E-8912-5B9EF9E4026D}.Release|Any CPU.ActiveCfg = Release|Any CPU
		{E5E4B6EB-C8BC-426E-8912-5B9EF9E4026D}.Release|Any CPU.Build.0 = Release|Any CPU
		{EF3DEDBF-0F9C-4C5F-B51D-F69C4FBEADE3}.Debug|Any CPU.ActiveCfg = Debug|Any CPU
		{EF3DEDBF-0F9C-4C5F-B51D-F69C4FBEADE3}.Debug|Any CPU.Build.0 = Debug|Any CPU
		{EF3DEDBF-0F9C-4C5F-B51D-F69C4FBEADE3}.Release|Any CPU.ActiveCfg = Release|Any CPU
		{EF3DEDBF-0F9C-4C5F-B51D-F69C4FBEADE3}.Release|Any CPU.Build.0 = Release|Any CPU
		{332ED869-9342-48A6-A1B1-85F4A06CFA1B}.Debug|Any CPU.ActiveCfg = Debug|Any CPU
		{332ED869-9342-48A6-A1B1-85F4A06CFA1B}.Debug|Any CPU.Build.0 = Debug|Any CPU
		{332ED869-9342-48A6-A1B1-85F4A06CFA1B}.Release|Any CPU.ActiveCfg = Release|Any CPU
		{332ED869-9342-48A6-A1B1-85F4A06CFA1B}.Release|Any CPU.Build.0 = Release|Any CPU
		{08085052-FEE8-43C0-AB88-3139C857C058}.Debug|Any CPU.ActiveCfg = Debug|Any CPU
		{08085052-FEE8-43C0-AB88-3139C857C058}.Debug|Any CPU.Build.0 = Debug|Any CPU
		{08085052-FEE8-43C0-AB88-3139C857C058}.Release|Any CPU.ActiveCfg = Release|Any CPU
		{08085052-FEE8-43C0-AB88-3139C857C058}.Release|Any CPU.Build.0 = Release|Any CPU
		{C303848E-69AA-4730-A59B-5E5D9E718678}.Debug|Any CPU.ActiveCfg = Debug|Any CPU
		{C303848E-69AA-4730-A59B-5E5D9E718678}.Debug|Any CPU.Build.0 = Debug|Any CPU
		{C303848E-69AA-4730-A59B-5E5D9E718678}.Release|Any CPU.ActiveCfg = Release|Any CPU
		{C303848E-69AA-4730-A59B-5E5D9E718678}.Release|Any CPU.Build.0 = Release|Any CPU
		{86520F0F-4B64-4014-B86C-223784E28E68}.Debug|Any CPU.ActiveCfg = Debug|Any CPU
		{86520F0F-4B64-4014-B86C-223784E28E68}.Debug|Any CPU.Build.0 = Debug|Any CPU
		{86520F0F-4B64-4014-B86C-223784E28E68}.Release|Any CPU.ActiveCfg = Release|Any CPU
		{86520F0F-4B64-4014-B86C-223784E28E68}.Release|Any CPU.Build.0 = Release|Any CPU
		{45B321F6-075C-4EA9-999F-2B6CD74F782E}.Debug|Any CPU.ActiveCfg = Debug|Any CPU
		{45B321F6-075C-4EA9-999F-2B6CD74F782E}.Debug|Any CPU.Build.0 = Debug|Any CPU
		{45B321F6-075C-4EA9-999F-2B6CD74F782E}.Release|Any CPU.ActiveCfg = Release|Any CPU
		{45B321F6-075C-4EA9-999F-2B6CD74F782E}.Release|Any CPU.Build.0 = Release|Any CPU
		{F3975293-29F4-453D-A7B1-7BE32B9B9E45}.Debug|Any CPU.ActiveCfg = Debug|Any CPU
		{F3975293-29F4-453D-A7B1-7BE32B9B9E45}.Debug|Any CPU.Build.0 = Debug|Any CPU
		{F3975293-29F4-453D-A7B1-7BE32B9B9E45}.Release|Any CPU.ActiveCfg = Release|Any CPU
		{F3975293-29F4-453D-A7B1-7BE32B9B9E45}.Release|Any CPU.Build.0 = Release|Any CPU
		{541D27A8-1036-48AD-B894-8778472AEBD0}.Debug|Any CPU.ActiveCfg = Debug|Any CPU
		{541D27A8-1036-48AD-B894-8778472AEBD0}.Debug|Any CPU.Build.0 = Debug|Any CPU
		{541D27A8-1036-48AD-B894-8778472AEBD0}.Release|Any CPU.ActiveCfg = Release|Any CPU
		{541D27A8-1036-48AD-B894-8778472AEBD0}.Release|Any CPU.Build.0 = Release|Any CPU
	EndGlobalSection
	GlobalSection(SolutionProperties) = preSolution
		HideSolutionNode = FALSE
	EndGlobalSection
	GlobalSection(ExtensibilityGlobals) = postSolution
		SolutionGuid = {1D50F647-CA61-4C51-86F1-2F08A29E6511}
	EndGlobalSection
EndGlobal
